
Microsoft Visual Studio Solution File, Format Version 12.00
# Visual Studio Version 17
VisualStudioVersion = 17.10.35027.167
MinimumVisualStudioVersion = 10.0.40219.1
Project("{FAE04EC0-301F-11D3-BF4B-00C04F79EFBC}") = "AzureBoard.Api", "AzureBoardApi\AzureBoard.Api.csproj", "{C89B2ACD-C865-4032-BD47-1E361D4764D1}"
EndProject
Project("{FAE04EC0-301F-11D3-BF4B-00C04F79EFBC}") = "AzureBoard.Domain", "AzureBoard.Domain\AzureBoard.Domain.csproj", "{4AEDA9C8-2A66-49ED-82CD-98DB1DDB139C}"
EndProject
Project("{FAE04EC0-301F-11D3-BF4B-00C04F79EFBC}") = "AzureBoard.Infrastructure", "AzureBoard.Infrastructure\AzureBoard.Infrastructure.csproj", "{1F04C426-0F69-4315-BE92-B47B39A03CDE}"
EndProject
Global
	GlobalSection(SolutionConfigurationPlatforms) = preSolution
		Debug|Any CPU = Debug|Any CPU
		Release|Any CPU = Release|Any CPU
	EndGlobalSection
	GlobalSection(ProjectConfigurationPlatforms) = postSolution
		{C89B2ACD-C865-4032-BD47-1E361D4764D1}.Debug|Any CPU.ActiveCfg = Debug|Any CPU
		{C89B2ACD-C865-4032-BD47-1E361D4764D1}.Debug|Any CPU.Build.0 = Debug|Any CPU
		{C89B2ACD-C865-4032-BD47-1E361D4764D1}.Release|Any CPU.ActiveCfg = Release|Any CPU
		{C89B2ACD-C865-4032-BD47-1E361D4764D1}.Release|Any CPU.Build.0 = Release|Any CPU
		{4AEDA9C8-2A66-49ED-82CD-98DB1DDB139C}.Debug|Any CPU.ActiveCfg = Debug|Any CPU
		{4AEDA9C8-2A66-49ED-82CD-98DB1DDB139C}.Debug|Any CPU.Build.0 = Debug|Any CPU
		{4AEDA9C8-2A66-49ED-82CD-98DB1DDB139C}.Release|Any CPU.ActiveCfg = Release|Any CPU
		{4AEDA9C8-2A66-49ED-82CD-98DB1DDB139C}.Release|Any CPU.Build.0 = Release|Any CPU
		{1F04C426-0F69-4315-BE92-B47B39A03CDE}.Debug|Any CPU.ActiveCfg = Debug|Any CPU
		{1F04C426-0F69-4315-BE92-B47B39A03CDE}.Debug|Any CPU.Build.0 = Debug|Any CPU
		{1F04C426-0F69-4315-BE92-B47B39A03CDE}.Release|Any CPU.ActiveCfg = Release|Any CPU
		{1F04C426-0F69-4315-BE92-B47B39A03CDE}.Release|Any CPU.Build.0 = Release|Any CPU
	EndGlobalSection
	GlobalSection(SolutionProperties) = preSolution
		HideSolutionNode = FALSE
	EndGlobalSection
	GlobalSection(ExtensibilityGlobals) = postSolution
		SolutionGuid = {439562F9-07C1-4691-8F8D-832ECE01D5B5}
	EndGlobalSection
EndGlobal
